// !$*UTF8*$!
{
	archiveVersion = 1;
	classes = {
	};
	objectVersion = 52;
	objects = {

/* Begin PBXBuildFile section */
		C00DF39D26D3E02900419CEF /* Kingfisher in Frameworks */ = {isa = PBXBuildFile; productRef = C00DF39C26D3E02900419CEF /* Kingfisher */; };
		C00DF39F26D4244D00419CEF /* EventListDetailViewController.swift in Sources */ = {isa = PBXBuildFile; fileRef = C00DF39E26D4244D00419CEF /* EventListDetailViewController.swift */; };
		C00DF3A226D4248800419CEF /* EventListDetailTableViewCell.swift in Sources */ = {isa = PBXBuildFile; fileRef = C00DF3A126D4248800419CEF /* EventListDetailTableViewCell.swift */; };
		C09538F126D17C94005520E1 /* EventListTableViewCell.swift in Sources */ = {isa = PBXBuildFile; fileRef = C09538F026D17C94005520E1 /* EventListTableViewCell.swift */; };
		C0AC6D0B26CDFF5C0041C6B2 /* AppDelegate.swift in Sources */ = {isa = PBXBuildFile; fileRef = C0AC6D0A26CDFF5C0041C6B2 /* AppDelegate.swift */; };
		C0AC6D0D26CDFF5C0041C6B2 /* SceneDelegate.swift in Sources */ = {isa = PBXBuildFile; fileRef = C0AC6D0C26CDFF5C0041C6B2 /* SceneDelegate.swift */; };
		C0AC6D0F26CDFF5C0041C6B2 /* EventListViewController.swift in Sources */ = {isa = PBXBuildFile; fileRef = C0AC6D0E26CDFF5C0041C6B2 /* EventListViewController.swift */; };
		C0AC6D1426CDFF5E0041C6B2 /* Assets.xcassets in Resources */ = {isa = PBXBuildFile; fileRef = C0AC6D1326CDFF5E0041C6B2 /* Assets.xcassets */; };
		C0AC6D1726CDFF5E0041C6B2 /* LaunchScreen.storyboard in Resources */ = {isa = PBXBuildFile; fileRef = C0AC6D1526CDFF5E0041C6B2 /* LaunchScreen.storyboard */; };
		C0AC6D2126CE003F0041C6B2 /* APIService.swift in Sources */ = {isa = PBXBuildFile; fileRef = C0AC6D2026CE003F0041C6B2 /* APIService.swift */; };
		C0AC6D2426CE00620041C6B2 /* EventModel.swift in Sources */ = {isa = PBXBuildFile; fileRef = C0AC6D2326CE00620041C6B2 /* EventModel.swift */; };
		C0AC6D2826CE01930041C6B2 /* EventListViewModel.swift in Sources */ = {isa = PBXBuildFile; fileRef = C0AC6D2726CE01930041C6B2 /* EventListViewModel.swift */; };
		C0E4023826D339370025E7CE /* Extensions.swift in Sources */ = {isa = PBXBuildFile; fileRef = C0E4023726D339370025E7CE /* Extensions.swift */; };
/* End PBXBuildFile section */

/* Begin PBXFileReference section */
		C00DF39E26D4244D00419CEF /* EventListDetailViewController.swift */ = {isa = PBXFileReference; lastKnownFileType = sourcecode.swift; path = EventListDetailViewController.swift; sourceTree = "<group>"; };
		C00DF3A126D4248800419CEF /* EventListDetailTableViewCell.swift */ = {isa = PBXFileReference; lastKnownFileType = sourcecode.swift; path = EventListDetailTableViewCell.swift; sourceTree = "<group>"; };
		C09538F026D17C94005520E1 /* EventListTableViewCell.swift */ = {isa = PBXFileReference; lastKnownFileType = sourcecode.swift; path = EventListTableViewCell.swift; sourceTree = "<group>"; };
		C0AC6D0726CDFF5C0041C6B2 /* MVVM-EventApp.app */ = {isa = PBXFileReference; explicitFileType = wrapper.application; includeInIndex = 0; path = "MVVM-EventApp.app"; sourceTree = BUILT_PRODUCTS_DIR; };
		C0AC6D0A26CDFF5C0041C6B2 /* AppDelegate.swift */ = {isa = PBXFileReference; lastKnownFileType = sourcecode.swift; path = AppDelegate.swift; sourceTree = "<group>"; };
		C0AC6D0C26CDFF5C0041C6B2 /* SceneDelegate.swift */ = {isa = PBXFileReference; lastKnownFileType = sourcecode.swift; path = SceneDelegate.swift; sourceTree = "<group>"; };
		C0AC6D0E26CDFF5C0041C6B2 /* EventListViewController.swift */ = {isa = PBXFileReference; lastKnownFileType = sourcecode.swift; path = EventListViewController.swift; sourceTree = "<group>"; };
		C0AC6D1326CDFF5E0041C6B2 /* Assets.xcassets */ = {isa = PBXFileReference; lastKnownFileType = folder.assetcatalog; path = Assets.xcassets; sourceTree = "<group>"; };
		C0AC6D1626CDFF5E0041C6B2 /* Base */ = {isa = PBXFileReference; lastKnownFileType = file.storyboard; name = Base; path = Base.lproj/LaunchScreen.storyboard; sourceTree = "<group>"; };
		C0AC6D1826CDFF5E0041C6B2 /* Info.plist */ = {isa = PBXFileReference; lastKnownFileType = text.plist.xml; path = Info.plist; sourceTree = "<group>"; };
		C0AC6D2026CE003F0041C6B2 /* APIService.swift */ = {isa = PBXFileReference; lastKnownFileType = sourcecode.swift; path = APIService.swift; sourceTree = "<group>"; };
		C0AC6D2326CE00620041C6B2 /* EventModel.swift */ = {isa = PBXFileReference; lastKnownFileType = sourcecode.swift; path = EventModel.swift; sourceTree = "<group>"; };
		C0AC6D2726CE01930041C6B2 /* EventListViewModel.swift */ = {isa = PBXFileReference; lastKnownFileType = sourcecode.swift; path = EventListViewModel.swift; sourceTree = "<group>"; };
		C0E4023726D339370025E7CE /* Extensions.swift */ = {isa = PBXFileReference; lastKnownFileType = sourcecode.swift; path = Extensions.swift; sourceTree = "<group>"; };
/* End PBXFileReference section */

/* Begin PBXFrameworksBuildPhase section */
		C0AC6D0426CDFF5C0041C6B2 /* Frameworks */ = {
			isa = PBXFrameworksBuildPhase;
			buildActionMask = 2147483647;
			files = (
				C00DF39D26D3E02900419CEF /* Kingfisher in Frameworks */,
			);
			runOnlyForDeploymentPostprocessing = 0;
		};
/* End PBXFrameworksBuildPhase section */

/* Begin PBXGroup section */
		C00DF3A026D4246000419CEF /* TableViewCell */ = {
			isa = PBXGroup;
			children = (
				C00DF3A126D4248800419CEF /* EventListDetailTableViewCell.swift */,
			);
			path = TableViewCell;
			sourceTree = "<group>";
		};
		C018053826CEBB7E00ACC80D /* Sources */ = {
			isa = PBXGroup;
			children = (
				C0E4023626D2E0AD0025E7CE /* Extensions */,
				C0AC6D1F26CE002C0041C6B2 /* APIService */,
				C0AC6D2226CE004B0041C6B2 /* Model */,
				C0AC6D2526CE01120041C6B2 /* ViewModel */,
				C018053A26CEE61C00ACC80D /* View */,
				C0AC6D2626CE014A0041C6B2 /* Controllers */,
			);
			path = Sources;
			sourceTree = "<group>";
		};
		C018053926CEBB9E00ACC80D /* Resources */ = {
			isa = PBXGroup;
			children = (
				C0AC6D1326CDFF5E0041C6B2 /* Assets.xcassets */,
				C0AC6D1526CDFF5E0041C6B2 /* LaunchScreen.storyboard */,
			);
			path = Resources;
			sourceTree = "<group>";
		};
		C018053A26CEE61C00ACC80D /* View */ = {
			isa = PBXGroup;
			children = (
				C09538F326D1A106005520E1 /* EventList */,
				C09538F426D1A122005520E1 /* EventDetail */,
			);
			path = View;
			sourceTree = "<group>";
		};
		C09538F226D17C9E005520E1 /* TableViewCell */ = {
			isa = PBXGroup;
			children = (
				C09538F026D17C94005520E1 /* EventListTableViewCell.swift */,
			);
			path = TableViewCell;
			sourceTree = "<group>";
		};
		C09538F326D1A106005520E1 /* EventList */ = {
			isa = PBXGroup;
			children = (
				C09538F226D17C9E005520E1 /* TableViewCell */,
			);
			path = EventList;
			sourceTree = "<group>";
		};
		C09538F426D1A122005520E1 /* EventDetail */ = {
			isa = PBXGroup;
			children = (
				C00DF3A026D4246000419CEF /* TableViewCell */,
			);
			path = EventDetail;
			sourceTree = "<group>";
		};
		C0AC6CFE26CDFF5C0041C6B2 = {
			isa = PBXGroup;
			children = (
				C0AC6D0926CDFF5C0041C6B2 /* MVVM-EventApp */,
				C0AC6D0826CDFF5C0041C6B2 /* Products */,
			);
			sourceTree = "<group>";
		};
		C0AC6D0826CDFF5C0041C6B2 /* Products */ = {
			isa = PBXGroup;
			children = (
				C0AC6D0726CDFF5C0041C6B2 /* MVVM-EventApp.app */,
			);
			name = Products;
			sourceTree = "<group>";
		};
		C0AC6D0926CDFF5C0041C6B2 /* MVVM-EventApp */ = {
			isa = PBXGroup;
			children = (
				C0AC6D1826CDFF5E0041C6B2 /* Info.plist */,
				C018053926CEBB9E00ACC80D /* Resources */,
				C0AC6D1E26CE001B0041C6B2 /* Application */,
				C018053826CEBB7E00ACC80D /* Sources */,
			);
			path = "MVVM-EventApp";
			sourceTree = "<group>";
		};
		C0AC6D1E26CE001B0041C6B2 /* Application */ = {
			isa = PBXGroup;
			children = (
				C0AC6D0A26CDFF5C0041C6B2 /* AppDelegate.swift */,
				C0AC6D0C26CDFF5C0041C6B2 /* SceneDelegate.swift */,
			);
			path = Application;
			sourceTree = "<group>";
		};
		C0AC6D1F26CE002C0041C6B2 /* APIService */ = {
			isa = PBXGroup;
			children = (
				C0AC6D2026CE003F0041C6B2 /* APIService.swift */,
			);
			path = APIService;
			sourceTree = "<group>";
		};
		C0AC6D2226CE004B0041C6B2 /* Model */ = {
			isa = PBXGroup;
			children = (
				C0AC6D2326CE00620041C6B2 /* EventModel.swift */,
			);
			path = Model;
			sourceTree = "<group>";
		};
		C0AC6D2526CE01120041C6B2 /* ViewModel */ = {
			isa = PBXGroup;
			children = (
				C0AC6D2726CE01930041C6B2 /* EventListViewModel.swift */,
			);
			path = ViewModel;
			sourceTree = "<group>";
		};
		C0AC6D2626CE014A0041C6B2 /* Controllers */ = {
			isa = PBXGroup;
			children = (
				C0AC6D0E26CDFF5C0041C6B2 /* EventListViewController.swift */,
				C00DF39E26D4244D00419CEF /* EventListDetailViewController.swift */,
			);
			path = Controllers;
			sourceTree = "<group>";
		};
		C0E4023626D2E0AD0025E7CE /* Extensions */ = {
			isa = PBXGroup;
			children = (
				C0E4023726D339370025E7CE /* Extensions.swift */,
			);
			path = Extensions;
			sourceTree = "<group>";
		};
/* End PBXGroup section */

/* Begin PBXNativeTarget section */
		C0AC6D0626CDFF5C0041C6B2 /* MVVM-EventApp */ = {
			isa = PBXNativeTarget;
			buildConfigurationList = C0AC6D1B26CDFF5E0041C6B2 /* Build configuration list for PBXNativeTarget "MVVM-EventApp" */;
			buildPhases = (
				C0AC6D0326CDFF5C0041C6B2 /* Sources */,
				C0AC6D0426CDFF5C0041C6B2 /* Frameworks */,
				C0AC6D0526CDFF5C0041C6B2 /* Resources */,
			);
			buildRules = (
			);
			dependencies = (
			);
			name = "MVVM-EventApp";
			packageProductDependencies = (
				C00DF39C26D3E02900419CEF /* Kingfisher */,
			);
			productName = "MVVM-EventApp";
			productReference = C0AC6D0726CDFF5C0041C6B2 /* MVVM-EventApp.app */;
			productType = "com.apple.product-type.application";
		};
/* End PBXNativeTarget section */

/* Begin PBXProject section */
		C0AC6CFF26CDFF5C0041C6B2 /* Project object */ = {
			isa = PBXProject;
			attributes = {
				LastSwiftUpdateCheck = 1250;
				LastUpgradeCheck = 1250;
				TargetAttributes = {
					C0AC6D0626CDFF5C0041C6B2 = {
						CreatedOnToolsVersion = 12.5.1;
					};
				};
			};
			buildConfigurationList = C0AC6D0226CDFF5C0041C6B2 /* Build configuration list for PBXProject "MVVM-EventApp" */;
			compatibilityVersion = "Xcode 9.3";
			developmentRegion = en;
			hasScannedForEncodings = 0;
			knownRegions = (
				en,
				Base,
			);
			mainGroup = C0AC6CFE26CDFF5C0041C6B2;
			packageReferences = (
				C00DF39B26D3E02900419CEF /* XCRemoteSwiftPackageReference "Kingfisher" */,
			);
			productRefGroup = C0AC6D0826CDFF5C0041C6B2 /* Products */;
			projectDirPath = "";
			projectRoot = "";
			targets = (
				C0AC6D0626CDFF5C0041C6B2 /* MVVM-EventApp */,
			);
		};
/* End PBXProject section */

/* Begin PBXResourcesBuildPhase section */
		C0AC6D0526CDFF5C0041C6B2 /* Resources */ = {
			isa = PBXResourcesBuildPhase;
			buildActionMask = 2147483647;
			files = (
				C0AC6D1726CDFF5E0041C6B2 /* LaunchScreen.storyboard in Resources */,
				C0AC6D1426CDFF5E0041C6B2 /* Assets.xcassets in Resources */,
			);
			runOnlyForDeploymentPostprocessing = 0;
		};
/* End PBXResourcesBuildPhase section */

/* Begin PBXSourcesBuildPhase section */
		C0AC6D0326CDFF5C0041C6B2 /* Sources */ = {
			isa = PBXSourcesBuildPhase;
			buildActionMask = 2147483647;
			files = (
				C09538F126D17C94005520E1 /* EventListTableViewCell.swift in Sources */,
				C0AC6D0F26CDFF5C0041C6B2 /* EventListViewController.swift in Sources */,
				C0AC6D2826CE01930041C6B2 /* EventListViewModel.swift in Sources */,
				C0E4023826D339370025E7CE /* Extensions.swift in Sources */,
				C00DF39F26D4244D00419CEF /* EventListDetailViewController.swift in Sources */,
				C0AC6D0B26CDFF5C0041C6B2 /* AppDelegate.swift in Sources */,
				C0AC6D2126CE003F0041C6B2 /* APIService.swift in Sources */,
				C0AC6D2426CE00620041C6B2 /* EventModel.swift in Sources */,
				C0AC6D0D26CDFF5C0041C6B2 /* SceneDelegate.swift in Sources */,
				C00DF3A226D4248800419CEF /* EventListDetailTableViewCell.swift in Sources */,
			);
			runOnlyForDeploymentPostprocessing = 0;
		};
/* End PBXSourcesBuildPhase section */

/* Begin PBXVariantGroup section */
		C0AC6D1526CDFF5E0041C6B2 /* LaunchScreen.storyboard */ = {
			isa = PBXVariantGroup;
			children = (
				C0AC6D1626CDFF5E0041C6B2 /* Base */,
			);
			name = LaunchScreen.storyboard;
			sourceTree = "<group>";
		};
/* End PBXVariantGroup section */

/* Begin XCBuildConfiguration section */
		C0AC6D1926CDFF5E0041C6B2 /* Debug */ = {
			isa = XCBuildConfiguration;
			buildSettings = {
				ALWAYS_SEARCH_USER_PATHS = NO;
				CLANG_ANALYZER_NONNULL = YES;
				CLANG_ANALYZER_NUMBER_OBJECT_CONVERSION = YES_AGGRESSIVE;
				CLANG_CXX_LANGUAGE_STANDARD = "gnu++14";
				CLANG_CXX_LIBRARY = "libc++";
				CLANG_ENABLE_MODULES = YES;
				CLANG_ENABLE_OBJC_ARC = YES;
				CLANG_ENABLE_OBJC_WEAK = YES;
				CLANG_WARN_BLOCK_CAPTURE_AUTORELEASING = YES;
				CLANG_WARN_BOOL_CONVERSION = YES;
				CLANG_WARN_COMMA = YES;
				CLANG_WARN_CONSTANT_CONVERSION = YES;
				CLANG_WARN_DEPRECATED_OBJC_IMPLEMENTATIONS = YES;
				CLANG_WARN_DIRECT_OBJC_ISA_USAGE = YES_ERROR;
				CLANG_WARN_DOCUMENTATION_COMMENTS = YES;
				CLANG_WARN_EMPTY_BODY = YES;
				CLANG_WARN_ENUM_CONVERSION = YES;
				CLANG_WARN_INFINITE_RECURSION = YES;
				CLANG_WARN_INT_CONVERSION = YES;
				CLANG_WARN_NON_LITERAL_NULL_CONVERSION = YES;
				CLANG_WARN_OBJC_IMPLICIT_RETAIN_SELF = YES;
				CLANG_WARN_OBJC_LITERAL_CONVERSION = YES;
				CLANG_WARN_OBJC_ROOT_CLASS = YES_ERROR;
				CLANG_WARN_QUOTED_INCLUDE_IN_FRAMEWORK_HEADER = YES;
				CLANG_WARN_RANGE_LOOP_ANALYSIS = YES;
				CLANG_WARN_STRICT_PROTOTYPES = YES;
				CLANG_WARN_SUSPICIOUS_MOVE = YES;
				CLANG_WARN_UNGUARDED_AVAILABILITY = YES_AGGRESSIVE;
				CLANG_WARN_UNREACHABLE_CODE = YES;
				CLANG_WARN__DUPLICATE_METHOD_MATCH = YES;
				COPY_PHASE_STRIP = NO;
				DEBUG_INFORMATION_FORMAT = dwarf;
				ENABLE_STRICT_OBJC_MSGSEND = YES;
				ENABLE_TESTABILITY = YES;
				GCC_C_LANGUAGE_STANDARD = gnu11;
				GCC_DYNAMIC_NO_PIC = NO;
				GCC_NO_COMMON_BLOCKS = YES;
				GCC_OPTIMIZATION_LEVEL = 0;
				GCC_PREPROCESSOR_DEFINITIONS = (
					"DEBUG=1",
					"$(inherited)",
				);
				GCC_WARN_64_TO_32_BIT_CONVERSION = YES;
				GCC_WARN_ABOUT_RETURN_TYPE = YES_ERROR;
				GCC_WARN_UNDECLARED_SELECTOR = YES;
				GCC_WARN_UNINITIALIZED_AUTOS = YES_AGGRESSIVE;
				GCC_WARN_UNUSED_FUNCTION = YES;
				GCC_WARN_UNUSED_VARIABLE = YES;
				IPHONEOS_DEPLOYMENT_TARGET = 14.5;
				MTL_ENABLE_DEBUG_INFO = INCLUDE_SOURCE;
				MTL_FAST_MATH = YES;
				ONLY_ACTIVE_ARCH = YES;
				SDKROOT = iphoneos;
				SWIFT_ACTIVE_COMPILATION_CONDITIONS = DEBUG;
				SWIFT_OPTIMIZATION_LEVEL = "-Onone";
			};
			name = Debug;
		};
		C0AC6D1A26CDFF5E0041C6B2 /* Release */ = {
			isa = XCBuildConfiguration;
			buildSettings = {
				ALWAYS_SEARCH_USER_PATHS = NO;
				CLANG_ANALYZER_NONNULL = YES;
				CLANG_ANALYZER_NUMBER_OBJECT_CONVERSION = YES_AGGRESSIVE;
				CLANG_CXX_LANGUAGE_STANDARD = "gnu++14";
				CLANG_CXX_LIBRARY = "libc++";
				CLANG_ENABLE_MODULES = YES;
				CLANG_ENABLE_OBJC_ARC = YES;
				CLANG_ENABLE_OBJC_WEAK = YES;
				CLANG_WARN_BLOCK_CAPTURE_AUTORELEASING = YES;
				CLANG_WARN_BOOL_CONVERSION = YES;
				CLANG_WARN_COMMA = YES;
				CLANG_WARN_CONSTANT_CONVERSION = YES;
				CLANG_WARN_DEPRECATED_OBJC_IMPLEMENTATIONS = YES;
				CLANG_WARN_DIRECT_OBJC_ISA_USAGE = YES_ERROR;
				CLANG_WARN_DOCUMENTATION_COMMENTS = YES;
				CLANG_WARN_EMPTY_BODY = YES;
				CLANG_WARN_ENUM_CONVERSION = YES;
				CLANG_WARN_INFINITE_RECURSION = YES;
				CLANG_WARN_INT_CONVERSION = YES;
				CLANG_WARN_NON_LITERAL_NULL_CONVERSION = YES;
				CLANG_WARN_OBJC_IMPLICIT_RETAIN_SELF = YES;
				CLANG_WARN_OBJC_LITERAL_CONVERSION = YES;
				CLANG_WARN_OBJC_ROOT_CLASS = YES_ERROR;
				CLANG_WARN_QUOTED_INCLUDE_IN_FRAMEWORK_HEADER = YES;
				CLANG_WARN_RANGE_LOOP_ANALYSIS = YES;
				CLANG_WARN_STRICT_PROTOTYPES = YES;
				CLANG_WARN_SUSPICIOUS_MOVE = YES;
				CLANG_WARN_UNGUARDED_AVAILABILITY = YES_AGGRESSIVE;
				CLANG_WARN_UNREACHABLE_CODE = YES;
				CLANG_WARN__DUPLICATE_METHOD_MATCH = YES;
				COPY_PHASE_STRIP = NO;
				DEBUG_INFORMATION_FORMAT = "dwarf-with-dsym";
				ENABLE_NS_ASSERTIONS = NO;
				ENABLE_STRICT_OBJC_MSGSEND = YES;
				GCC_C_LANGUAGE_STANDARD = gnu11;
				GCC_NO_COMMON_BLOCKS = YES;
				GCC_WARN_64_TO_32_BIT_CONVERSION = YES;
				GCC_WARN_ABOUT_RETURN_TYPE = YES_ERROR;
				GCC_WARN_UNDECLARED_SELECTOR = YES;
				GCC_WARN_UNINITIALIZED_AUTOS = YES_AGGRESSIVE;
				GCC_WARN_UNUSED_FUNCTION = YES;
				GCC_WARN_UNUSED_VARIABLE = YES;
				IPHONEOS_DEPLOYMENT_TARGET = 14.5;
				MTL_ENABLE_DEBUG_INFO = NO;
				MTL_FAST_MATH = YES;
				SDKROOT = iphoneos;
				SWIFT_COMPILATION_MODE = wholemodule;
				SWIFT_OPTIMIZATION_LEVEL = "-O";
				VALIDATE_PRODUCT = YES;
			};
			name = Release;
		};
		C0AC6D1C26CDFF5E0041C6B2 /* Debug */ = {
			isa = XCBuildConfiguration;
			buildSettings = {
				ASSETCATALOG_COMPILER_APPICON_NAME = AppIcon;
				ASSETCATALOG_COMPILER_GLOBAL_ACCENT_COLOR_NAME = AccentColor;
				CODE_SIGN_STYLE = Automatic;
				DEVELOPMENT_TEAM = BM4YFXN4AH;
				INFOPLIST_FILE = "MVVM-EventApp/Info.plist";
				LD_RUNPATH_SEARCH_PATHS = (
					"$(inherited)",
					"@executable_path/Frameworks",
				);
				PRODUCT_BUNDLE_IDENTIFIER = "gabriel-nicol.MVVM-EventApp";
				PRODUCT_NAME = "$(TARGET_NAME)";
				SWIFT_VERSION = 5.0;
				TARGETED_DEVICE_FAMILY = 1;
			};
			name = Debug;
		};
		C0AC6D1D26CDFF5E0041C6B2 /* Release */ = {
			isa = XCBuildConfiguration;
			buildSettings = {
				ASSETCATALOG_COMPILER_APPICON_NAME = AppIcon;
				ASSETCATALOG_COMPILER_GLOBAL_ACCENT_COLOR_NAME = AccentColor;
				CODE_SIGN_STYLE = Automatic;
				DEVELOPMENT_TEAM = BM4YFXN4AH;
				INFOPLIST_FILE = "MVVM-EventApp/Info.plist";
				LD_RUNPATH_SEARCH_PATHS = (
					"$(inherited)",
					"@executable_path/Frameworks",
				);
				PRODUCT_BUNDLE_IDENTIFIER = "gabriel-nicol.MVVM-EventApp";
				PRODUCT_NAME = "$(TARGET_NAME)";
				SWIFT_VERSION = 5.0;
				TARGETED_DEVICE_FAMILY = 1;
			};
			name = Release;
		};
/* End XCBuildConfiguration section */

/* Begin XCConfigurationList section */
		C0AC6D0226CDFF5C0041C6B2 /* Build configuration list for PBXProject "MVVM-EventApp" */ = {
			isa = XCConfigurationList;
			buildConfigurations = (
				C0AC6D1926CDFF5E0041C6B2 /* Debug */,
				C0AC6D1A26CDFF5E0041C6B2 /* Release */,
			);
			defaultConfigurationIsVisible = 0;
			defaultConfigurationName = Release;
		};
		C0AC6D1B26CDFF5E0041C6B2 /* Build configuration list for PBXNativeTarget "MVVM-EventApp" */ = {
			isa = XCConfigurationList;
			buildConfigurations = (
				C0AC6D1C26CDFF5E0041C6B2 /* Debug */,
				C0AC6D1D26CDFF5E0041C6B2 /* Release */,
			);
			defaultConfigurationIsVisible = 0;
			defaultConfigurationName = Release;
		};
/* End XCConfigurationList section */

/* Begin XCRemoteSwiftPackageReference section */
		C00DF39B26D3E02900419CEF /* XCRemoteSwiftPackageReference "Kingfisher" */ = {
			isa = XCRemoteSwiftPackageReference;
			repositoryURL = "https://github.com/onevcat/Kingfisher.git";
			requirement = {
				kind = upToNextMajorVersion;
				minimumVersion = 6.3.1;
			};
		};
/* End XCRemoteSwiftPackageReference section */

/* Begin XCSwiftPackageProductDependency section */
		C00DF39C26D3E02900419CEF /* Kingfisher */ = {
			isa = XCSwiftPackageProductDependency;
			package = C00DF39B26D3E02900419CEF /* XCRemoteSwiftPackageReference "Kingfisher" */;
			productName = Kingfisher;
		};
/* End XCSwiftPackageProductDependency section */
	};
	rootObject = C0AC6CFF26CDFF5C0041C6B2 /* Project object */;
}
